
Microsoft Visual Studio Solution File, Format Version 12.00
Project("{2150E333-8FDC-42A3-9474-1A3956D46DE8}") = "test", "test", "{99D4EB48-1E0B-4F84-8385-9FAF2FE592C5}"
EndProject
Project("{2150E333-8FDC-42A3-9474-1A3956D46DE8}") = "src", "src", "{828C7322-5F84-43C6-92AB-1B31336E7606}"
EndProject
Project("{2150E333-8FDC-42A3-9474-1A3956D46DE8}") = "01.core", "01.core", "{F89636CA-12A3-43C7-9B78-E964F18016C0}"
EndProject
Project("{2150E333-8FDC-42A3-9474-1A3956D46DE8}") = "02.infrastructrue", "02.infrastructrue", "{43CFEC82-2D35-4BD3-BABB-FD8C188AA5D1}"
EndProject
Project("{2150E333-8FDC-42A3-9474-1A3956D46DE8}") = "03.presentation", "03.presentation", "{1DAC6C84-2270-451B-8E98-CD2C7440036E}"
EndProject
Project("{FAE04EC0-301F-11D3-BF4B-00C04F79EFBC}") = "OnlineStore.Entities", "src\01.core\OnlineStore.Entities\OnlineStore.Entities.csproj", "{13698DE2-6F2B-47A0-A5F0-5935B51584F2}"
EndProject
Project("{FAE04EC0-301F-11D3-BF4B-00C04F79EFBC}") = "OnlineStore.Services", "src\01.core\OnlineStore.Services\OnlineStore.Services.csproj", "{E9C90BEB-E282-4C3B-9970-AE9FF45F7838}"
EndProject
Project("{FAE04EC0-301F-11D3-BF4B-00C04F79EFBC}") = "OnlineStore.Infrastructure", "src\02.infrastructrue\OnlineStore.Infrastructure\OnlineStore.Infrastructure.csproj", "{0018356A-2E5D-4B2D-AF09-391636B97499}"
EndProject
Project("{FAE04EC0-301F-11D3-BF4B-00C04F79EFBC}") = "OnlineStore.Persistanse.EF", "src\02.infrastructrue\OnlineStore.Persistanse.EF\OnlineStore.Persistanse.EF.csproj", "{7CA518BB-A825-457F-9E55-9ADB4BFEDE17}"
EndProject
Project("{FAE04EC0-301F-11D3-BF4B-00C04F79EFBC}") = "OnlineStore.Migrations", "src\02.infrastructrue\OnlineStore.Migrations\OnlineStore.Migrations.csproj", "{387D4D55-C480-4A9E-A525-581907AB32BB}"
EndProject
Project("{FAE04EC0-301F-11D3-BF4B-00C04F79EFBC}") = "OnlineStore.RestApi", "src\03.presentation\OnlineStore.RestApi\OnlineStore.RestApi.csproj", "{54919655-F270-40CC-8743-C93863F5B6A4}"
EndProject
Project("{FAE04EC0-301F-11D3-BF4B-00C04F79EFBC}") = "OnlineStore.TestTools", "test\OnlineStore.TestTools\OnlineStore.TestTools.csproj", "{D1B9D9DA-B459-4457-BF9D-9EFFC34BCC0C}"
EndProject
Project("{FAE04EC0-301F-11D3-BF4B-00C04F79EFBC}") = "OnlineStore.Service.Unit.Test", "test\OnlineStore.Service.Unit.Test\OnlineStore.Service.Unit.Test.csproj", "{BBA0C6F4-EC36-4DE9-B889-9DCE3D7BA5F7}"
EndProject
Project("{FAE04EC0-301F-11D3-BF4B-00C04F79EFBC}") = "OnlineStore.Specs.Test", "test\OnlineStore.Specs.Test\OnlineStore.Specs.Test.csproj", "{B6191F1B-89A2-4810-994C-BEABADFBB54E}"
EndProject
Global
	GlobalSection(SolutionConfigurationPlatforms) = preSolution
		Debug|Any CPU = Debug|Any CPU
		Release|Any CPU = Release|Any CPU
	EndGlobalSection
	GlobalSection(NestedProjects) = preSolution
		{F89636CA-12A3-43C7-9B78-E964F18016C0} = {828C7322-5F84-43C6-92AB-1B31336E7606}
		{43CFEC82-2D35-4BD3-BABB-FD8C188AA5D1} = {828C7322-5F84-43C6-92AB-1B31336E7606}
		{1DAC6C84-2270-451B-8E98-CD2C7440036E} = {828C7322-5F84-43C6-92AB-1B31336E7606}
		{13698DE2-6F2B-47A0-A5F0-5935B51584F2} = {F89636CA-12A3-43C7-9B78-E964F18016C0}
		{E9C90BEB-E282-4C3B-9970-AE9FF45F7838} = {F89636CA-12A3-43C7-9B78-E964F18016C0}
		{0018356A-2E5D-4B2D-AF09-391636B97499} = {43CFEC82-2D35-4BD3-BABB-FD8C188AA5D1}
		{7CA518BB-A825-457F-9E55-9ADB4BFEDE17} = {43CFEC82-2D35-4BD3-BABB-FD8C188AA5D1}
		{387D4D55-C480-4A9E-A525-581907AB32BB} = {43CFEC82-2D35-4BD3-BABB-FD8C188AA5D1}
		{54919655-F270-40CC-8743-C93863F5B6A4} = {1DAC6C84-2270-451B-8E98-CD2C7440036E}
		{D1B9D9DA-B459-4457-BF9D-9EFFC34BCC0C} = {99D4EB48-1E0B-4F84-8385-9FAF2FE592C5}
		{BBA0C6F4-EC36-4DE9-B889-9DCE3D7BA5F7} = {99D4EB48-1E0B-4F84-8385-9FAF2FE592C5}
		{B6191F1B-89A2-4810-994C-BEABADFBB54E} = {99D4EB48-1E0B-4F84-8385-9FAF2FE592C5}
	EndGlobalSection
	GlobalSection(ProjectConfigurationPlatforms) = postSolution
		{13698DE2-6F2B-47A0-A5F0-5935B51584F2}.Debug|Any CPU.ActiveCfg = Debug|Any CPU
		{13698DE2-6F2B-47A0-A5F0-5935B51584F2}.Debug|Any CPU.Build.0 = Debug|Any CPU
		{13698DE2-6F2B-47A0-A5F0-5935B51584F2}.Release|Any CPU.ActiveCfg = Release|Any CPU
		{13698DE2-6F2B-47A0-A5F0-5935B51584F2}.Release|Any CPU.Build.0 = Release|Any CPU
		{E9C90BEB-E282-4C3B-9970-AE9FF45F7838}.Debug|Any CPU.ActiveCfg = Debug|Any CPU
		{E9C90BEB-E282-4C3B-9970-AE9FF45F7838}.Debug|Any CPU.Build.0 = Debug|Any CPU
		{E9C90BEB-E282-4C3B-9970-AE9FF45F7838}.Release|Any CPU.ActiveCfg = Release|Any CPU
		{E9C90BEB-E282-4C3B-9970-AE9FF45F7838}.Release|Any CPU.Build.0 = Release|Any CPU
		{0018356A-2E5D-4B2D-AF09-391636B97499}.Debug|Any CPU.ActiveCfg = Debug|Any CPU
		{0018356A-2E5D-4B2D-AF09-391636B97499}.Debug|Any CPU.Build.0 = Debug|Any CPU
		{0018356A-2E5D-4B2D-AF09-391636B97499}.Release|Any CPU.ActiveCfg = Release|Any CPU
		{0018356A-2E5D-4B2D-AF09-391636B97499}.Release|Any CPU.Build.0 = Release|Any CPU
		{7CA518BB-A825-457F-9E55-9ADB4BFEDE17}.Debug|Any CPU.ActiveCfg = Debug|Any CPU
		{7CA518BB-A825-457F-9E55-9ADB4BFEDE17}.Debug|Any CPU.Build.0 = Debug|Any CPU
		{7CA518BB-A825-457F-9E55-9ADB4BFEDE17}.Release|Any CPU.ActiveCfg = Release|Any CPU
		{7CA518BB-A825-457F-9E55-9ADB4BFEDE17}.Release|Any CPU.Build.0 = Release|Any CPU
		{387D4D55-C480-4A9E-A525-581907AB32BB}.Debug|Any CPU.ActiveCfg = Debug|Any CPU
		{387D4D55-C480-4A9E-A525-581907AB32BB}.Debug|Any CPU.Build.0 = Debug|Any CPU
		{387D4D55-C480-4A9E-A525-581907AB32BB}.Release|Any CPU.ActiveCfg = Release|Any CPU
		{387D4D55-C480-4A9E-A525-581907AB32BB}.Release|Any CPU.Build.0 = Release|Any CPU
		{54919655-F270-40CC-8743-C93863F5B6A4}.Debug|Any CPU.ActiveCfg = Debug|Any CPU
		{54919655-F270-40CC-8743-C93863F5B6A4}.Debug|Any CPU.Build.0 = Debug|Any CPU
		{54919655-F270-40CC-8743-C93863F5B6A4}.Release|Any CPU.ActiveCfg = Release|Any CPU
		{54919655-F270-40CC-8743-C93863F5B6A4}.Release|Any CPU.Build.0 = Release|Any CPU
		{D1B9D9DA-B459-4457-BF9D-9EFFC34BCC0C}.Debug|Any CPU.ActiveCfg = Debug|Any CPU
		{D1B9D9DA-B459-4457-BF9D-9EFFC34BCC0C}.Debug|Any CPU.Build.0 = Debug|Any CPU
		{D1B9D9DA-B459-4457-BF9D-9EFFC34BCC0C}.Release|Any CPU.ActiveCfg = Release|Any CPU
		{D1B9D9DA-B459-4457-BF9D-9EFFC34BCC0C}.Release|Any CPU.Build.0 = Release|Any CPU
		{BBA0C6F4-EC36-4DE9-B889-9DCE3D7BA5F7}.Debug|Any CPU.ActiveCfg = Debug|Any CPU
		{BBA0C6F4-EC36-4DE9-B889-9DCE3D7BA5F7}.Debug|Any CPU.Build.0 = Debug|Any CPU
		{BBA0C6F4-EC36-4DE9-B889-9DCE3D7BA5F7}.Release|Any CPU.ActiveCfg = Release|Any CPU
		{BBA0C6F4-EC36-4DE9-B889-9DCE3D7BA5F7}.Release|Any CPU.Build.0 = Release|Any CPU
		{B6191F1B-89A2-4810-994C-BEABADFBB54E}.Debug|Any CPU.ActiveCfg = Debug|Any CPU
		{B6191F1B-89A2-4810-994C-BEABADFBB54E}.Debug|Any CPU.Build.0 = Debug|Any CPU
		{B6191F1B-89A2-4810-994C-BEABADFBB54E}.Release|Any CPU.ActiveCfg = Release|Any CPU
		{B6191F1B-89A2-4810-994C-BEABADFBB54E}.Release|Any CPU.Build.0 = Release|Any CPU
	EndGlobalSection
EndGlobal
